// !$*UTF8*$!
{
	archiveVersion = 1;
	classes = {
	};
	objectVersion = 55;
	objects = {

/* Begin PBXBuildFile section */
		526360A72901053C00AC0B6E /* Tests_iOS.swift in Sources */ = {isa = PBXBuildFile; fileRef = 526360A62901053C00AC0B6E /* Tests_iOS.swift */; };
		526360A92901053C00AC0B6E /* Tests_iOSLaunchTests.swift in Sources */ = {isa = PBXBuildFile; fileRef = 526360A82901053C00AC0B6E /* Tests_iOSLaunchTests.swift */; };
		526360B32901053C00AC0B6E /* Tests_macOS.swift in Sources */ = {isa = PBXBuildFile; fileRef = 526360B22901053C00AC0B6E /* Tests_macOS.swift */; };
		526360B52901053C00AC0B6E /* Tests_macOSLaunchTests.swift in Sources */ = {isa = PBXBuildFile; fileRef = 526360B42901053C00AC0B6E /* Tests_macOSLaunchTests.swift */; };
		526360B62901053C00AC0B6E /* PListTask_1AApp.swift in Sources */ = {isa = PBXBuildFile; fileRef = 5263608E2901053C00AC0B6E /* PListTask_1AApp.swift */; };
		526360B72901053C00AC0B6E /* PListTask_1AApp.swift in Sources */ = {isa = PBXBuildFile; fileRef = 5263608E2901053C00AC0B6E /* PListTask_1AApp.swift */; };
		526360B82901053C00AC0B6E /* ContentView.swift in Sources */ = {isa = PBXBuildFile; fileRef = 5263608F2901053C00AC0B6E /* ContentView.swift */; };
		526360B92901053C00AC0B6E /* ContentView.swift in Sources */ = {isa = PBXBuildFile; fileRef = 5263608F2901053C00AC0B6E /* ContentView.swift */; };
		526360BA2901053C00AC0B6E /* Assets.xcassets in Resources */ = {isa = PBXBuildFile; fileRef = 526360902901053C00AC0B6E /* Assets.xcassets */; };
		526360BB2901053C00AC0B6E /* Assets.xcassets in Resources */ = {isa = PBXBuildFile; fileRef = 526360902901053C00AC0B6E /* Assets.xcassets */; };
		526360CB2901059500AC0B6E /* PropertyListView.swift in Sources */ = {isa = PBXBuildFile; fileRef = 526360CA2901059500AC0B6E /* PropertyListView.swift */; };
		526360CC2901059500AC0B6E /* PropertyListView.swift in Sources */ = {isa = PBXBuildFile; fileRef = 526360CA2901059500AC0B6E /* PropertyListView.swift */; };
		526360CE2901093D00AC0B6E /* SeeAllView.swift in Sources */ = {isa = PBXBuildFile; fileRef = 526360CD2901093D00AC0B6E /* SeeAllView.swift */; };
		526360CF2901093D00AC0B6E /* SeeAllView.swift in Sources */ = {isa = PBXBuildFile; fileRef = 526360CD2901093D00AC0B6E /* SeeAllView.swift */; };
/* End PBXBuildFile section */

/* Begin PBXContainerItemProxy section */
		526360A32901053C00AC0B6E /* PBXContainerItemProxy */ = {
			isa = PBXContainerItemProxy;
			containerPortal = 526360892901053C00AC0B6E /* Project object */;
			proxyType = 1;
			remoteGlobalIDString = 526360942901053C00AC0B6E;
			remoteInfo = "PListTask_1A (iOS)";
		};
		526360AF2901053C00AC0B6E /* PBXContainerItemProxy */ = {
			isa = PBXContainerItemProxy;
			containerPortal = 526360892901053C00AC0B6E /* Project object */;
			proxyType = 1;
			remoteGlobalIDString = 5263609A2901053C00AC0B6E;
			remoteInfo = "PListTask_1A (macOS)";
		};
/* End PBXContainerItemProxy section */

/* Begin PBXFileReference section */
		5263608E2901053C00AC0B6E /* PListTask_1AApp.swift */ = {isa = PBXFileReference; lastKnownFileType = sourcecode.swift; path = PListTask_1AApp.swift; sourceTree = "<group>"; };
		5263608F2901053C00AC0B6E /* ContentView.swift */ = {isa = PBXFileReference; lastKnownFileType = sourcecode.swift; path = ContentView.swift; sourceTree = "<group>"; };
		526360902901053C00AC0B6E /* Assets.xcassets */ = {isa = PBXFileReference; lastKnownFileType = folder.assetcatalog; path = Assets.xcassets; sourceTree = "<group>"; };
		526360952901053C00AC0B6E /* PListTask_1A.app */ = {isa = PBXFileReference; explicitFileType = wrapper.application; includeInIndex = 0; path = PListTask_1A.app; sourceTree = BUILT_PRODUCTS_DIR; };
		5263609B2901053C00AC0B6E /* PListTask_1A.app */ = {isa = PBXFileReference; explicitFileType = wrapper.application; includeInIndex = 0; path = PListTask_1A.app; sourceTree = BUILT_PRODUCTS_DIR; };
		5263609D2901053C00AC0B6E /* macOS.entitlements */ = {isa = PBXFileReference; lastKnownFileType = text.plist.entitlements; path = macOS.entitlements; sourceTree = "<group>"; };
		526360A22901053C00AC0B6E /* Tests iOS.xctest */ = {isa = PBXFileReference; explicitFileType = wrapper.cfbundle; includeInIndex = 0; path = "Tests iOS.xctest"; sourceTree = BUILT_PRODUCTS_DIR; };
		526360A62901053C00AC0B6E /* Tests_iOS.swift */ = {isa = PBXFileReference; lastKnownFileType = sourcecode.swift; path = Tests_iOS.swift; sourceTree = "<group>"; };
		526360A82901053C00AC0B6E /* Tests_iOSLaunchTests.swift */ = {isa = PBXFileReference; lastKnownFileType = sourcecode.swift; path = Tests_iOSLaunchTests.swift; sourceTree = "<group>"; };
		526360AE2901053C00AC0B6E /* Tests macOS.xctest */ = {isa = PBXFileReference; explicitFileType = wrapper.cfbundle; includeInIndex = 0; path = "Tests macOS.xctest"; sourceTree = BUILT_PRODUCTS_DIR; };
		526360B22901053C00AC0B6E /* Tests_macOS.swift */ = {isa = PBXFileReference; lastKnownFileType = sourcecode.swift; path = Tests_macOS.swift; sourceTree = "<group>"; };
		526360B42901053C00AC0B6E /* Tests_macOSLaunchTests.swift */ = {isa = PBXFileReference; lastKnownFileType = sourcecode.swift; path = Tests_macOSLaunchTests.swift; sourceTree = "<group>"; };
		526360CA2901059500AC0B6E /* PropertyListView.swift */ = {isa = PBXFileReference; fileEncoding = 4; lastKnownFileType = sourcecode.swift; path = PropertyListView.swift; sourceTree = "<group>"; };
		526360CD2901093D00AC0B6E /* SeeAllView.swift */ = {isa = PBXFileReference; lastKnownFileType = sourcecode.swift; path = SeeAllView.swift; sourceTree = "<group>"; };
/* End PBXFileReference section */

/* Begin PBXFrameworksBuildPhase section */
		526360922901053C00AC0B6E /* Frameworks */ = {
			isa = PBXFrameworksBuildPhase;
			buildActionMask = 2147483647;
			files = (
			);
			runOnlyForDeploymentPostprocessing = 0;
		};
		526360982901053C00AC0B6E /* Frameworks */ = {
			isa = PBXFrameworksBuildPhase;
			buildActionMask = 2147483647;
			files = (
			);
			runOnlyForDeploymentPostprocessing = 0;
		};
		5263609F2901053C00AC0B6E /* Frameworks */ = {
			isa = PBXFrameworksBuildPhase;
			buildActionMask = 2147483647;
			files = (
			);
			runOnlyForDeploymentPostprocessing = 0;
		};
		526360AB2901053C00AC0B6E /* Frameworks */ = {
			isa = PBXFrameworksBuildPhase;
			buildActionMask = 2147483647;
			files = (
			);
			runOnlyForDeploymentPostprocessing = 0;
		};
/* End PBXFrameworksBuildPhase section */

/* Begin PBXGroup section */
		526360882901053C00AC0B6E = {
			isa = PBXGroup;
			children = (
				5263608D2901053C00AC0B6E /* Shared */,
				5263609C2901053C00AC0B6E /* macOS */,
				526360A52901053C00AC0B6E /* Tests iOS */,
				526360B12901053C00AC0B6E /* Tests macOS */,
				526360962901053C00AC0B6E /* Products */,
			);
			sourceTree = "<group>";
		};
		5263608D2901053C00AC0B6E /* Shared */ = {
			isa = PBXGroup;
			children = (
				5263608E2901053C00AC0B6E /* PListTask_1AApp.swift */,
				5263608F2901053C00AC0B6E /* ContentView.swift */,
				526360CA2901059500AC0B6E /* PropertyListView.swift */,
				526360CD2901093D00AC0B6E /* SeeAllView.swift */,
				526360902901053C00AC0B6E /* Assets.xcassets */,
			);
			path = Shared;
			sourceTree = "<group>";
		};
		526360962901053C00AC0B6E /* Products */ = {
			isa = PBXGroup;
			children = (
				526360952901053C00AC0B6E /* PListTask_1A.app */,
				5263609B2901053C00AC0B6E /* PListTask_1A.app */,
				526360A22901053C00AC0B6E /* Tests iOS.xctest */,
				526360AE2901053C00AC0B6E /* Tests macOS.xctest */,
			);
			name = Products;
			sourceTree = "<group>";
		};
		5263609C2901053C00AC0B6E /* macOS */ = {
			isa = PBXGroup;
			children = (
				5263609D2901053C00AC0B6E /* macOS.entitlements */,
			);
			path = macOS;
			sourceTree = "<group>";
		};
		526360A52901053C00AC0B6E /* Tests iOS */ = {
			isa = PBXGroup;
			children = (
				526360A62901053C00AC0B6E /* Tests_iOS.swift */,
				526360A82901053C00AC0B6E /* Tests_iOSLaunchTests.swift */,
			);
			path = "Tests iOS";
			sourceTree = "<group>";
		};
		526360B12901053C00AC0B6E /* Tests macOS */ = {
			isa = PBXGroup;
			children = (
				526360B22901053C00AC0B6E /* Tests_macOS.swift */,
				526360B42901053C00AC0B6E /* Tests_macOSLaunchTests.swift */,
			);
			path = "Tests macOS";
			sourceTree = "<group>";
		};
/* End PBXGroup section */

/* Begin PBXNativeTarget section */
		526360942901053C00AC0B6E /* PListTask_1A (iOS) */ = {
			isa = PBXNativeTarget;
			buildConfigurationList = 526360BE2901053C00AC0B6E /* Build configuration list for PBXNativeTarget "PListTask_1A (iOS)" */;
			buildPhases = (
				526360912901053C00AC0B6E /* Sources */,
				526360922901053C00AC0B6E /* Frameworks */,
				526360932901053C00AC0B6E /* Resources */,
			);
			buildRules = (
			);
			dependencies = (
			);
			name = "PListTask_1A (iOS)";
			productName = "PListTask_1A (iOS)";
			productReference = 526360952901053C00AC0B6E /* PListTask_1A.app */;
			productType = "com.apple.product-type.application";
		};
		5263609A2901053C00AC0B6E /* PListTask_1A (macOS) */ = {
			isa = PBXNativeTarget;
			buildConfigurationList = 526360C12901053C00AC0B6E /* Build configuration list for PBXNativeTarget "PListTask_1A (macOS)" */;
			buildPhases = (
				526360972901053C00AC0B6E /* Sources */,
				526360982901053C00AC0B6E /* Frameworks */,
				526360992901053C00AC0B6E /* Resources */,
			);
			buildRules = (
			);
			dependencies = (
			);
			name = "PListTask_1A (macOS)";
			productName = "PListTask_1A (macOS)";
			productReference = 5263609B2901053C00AC0B6E /* PListTask_1A.app */;
			productType = "com.apple.product-type.application";
		};
		526360A12901053C00AC0B6E /* Tests iOS */ = {
			isa = PBXNativeTarget;
			buildConfigurationList = 526360C42901053C00AC0B6E /* Build configuration list for PBXNativeTarget "Tests iOS" */;
			buildPhases = (
				5263609E2901053C00AC0B6E /* Sources */,
				5263609F2901053C00AC0B6E /* Frameworks */,
				526360A02901053C00AC0B6E /* Resources */,
			);
			buildRules = (
			);
			dependencies = (
				526360A42901053C00AC0B6E /* PBXTargetDependency */,
			);
			name = "Tests iOS";
			productName = "Tests iOS";
			productReference = 526360A22901053C00AC0B6E /* Tests iOS.xctest */;
			productType = "com.apple.product-type.bundle.ui-testing";
		};
		526360AD2901053C00AC0B6E /* Tests macOS */ = {
			isa = PBXNativeTarget;
			buildConfigurationList = 526360C72901053C00AC0B6E /* Build configuration list for PBXNativeTarget "Tests macOS" */;
			buildPhases = (
				526360AA2901053C00AC0B6E /* Sources */,
				526360AB2901053C00AC0B6E /* Frameworks */,
				526360AC2901053C00AC0B6E /* Resources */,
			);
			buildRules = (
			);
			dependencies = (
				526360B02901053C00AC0B6E /* PBXTargetDependency */,
			);
			name = "Tests macOS";
			productName = "Tests macOS";
			productReference = 526360AE2901053C00AC0B6E /* Tests macOS.xctest */;
			productType = "com.apple.product-type.bundle.ui-testing";
		};
/* End PBXNativeTarget section */

/* Begin PBXProject section */
		526360892901053C00AC0B6E /* Project object */ = {
			isa = PBXProject;
			attributes = {
				BuildIndependentTargetsInParallel = 1;
				LastSwiftUpdateCheck = 1340;
				LastUpgradeCheck = 1340;
				TargetAttributes = {
					526360942901053C00AC0B6E = {
						CreatedOnToolsVersion = 13.4.1;
					};
					5263609A2901053C00AC0B6E = {
						CreatedOnToolsVersion = 13.4.1;
					};
					526360A12901053C00AC0B6E = {
						CreatedOnToolsVersion = 13.4.1;
						TestTargetID = 526360942901053C00AC0B6E;
					};
					526360AD2901053C00AC0B6E = {
						CreatedOnToolsVersion = 13.4.1;
						TestTargetID = 5263609A2901053C00AC0B6E;
					};
				};
			};
			buildConfigurationList = 5263608C2901053C00AC0B6E /* Build configuration list for PBXProject "PListTask_1A" */;
			compatibilityVersion = "Xcode 13.0";
			developmentRegion = en;
			hasScannedForEncodings = 0;
			knownRegions = (
				en,
				Base,
			);
			mainGroup = 526360882901053C00AC0B6E;
			productRefGroup = 526360962901053C00AC0B6E /* Products */;
			projectDirPath = "";
			projectRoot = "";
			targets = (
				526360942901053C00AC0B6E /* PListTask_1A (iOS) */,
				5263609A2901053C00AC0B6E /* PListTask_1A (macOS) */,
				526360A12901053C00AC0B6E /* Tests iOS */,
				526360AD2901053C00AC0B6E /* Tests macOS */,
			);
		};
/* End PBXProject section */

/* Begin PBXResourcesBuildPhase section */
		526360932901053C00AC0B6E /* Resources */ = {
			isa = PBXResourcesBuildPhase;
			buildActionMask = 2147483647;
			files = (
				526360BA2901053C00AC0B6E /* Assets.xcassets in Resources */,
			);
			runOnlyForDeploymentPostprocessing = 0;
		};
		526360992901053C00AC0B6E /* Resources */ = {
			isa = PBXResourcesBuildPhase;
			buildActionMask = 2147483647;
			files = (
				526360BB2901053C00AC0B6E /* Assets.xcassets in Resources */,
			);
			runOnlyForDeploymentPostprocessing = 0;
		};
		526360A02901053C00AC0B6E /* Resources */ = {
			isa = PBXResourcesBuildPhase;
			buildActionMask = 2147483647;
			files = (
			);
			runOnlyForDeploymentPostprocessing = 0;
		};
		526360AC2901053C00AC0B6E /* Resources */ = {
			isa = PBXResourcesBuildPhase;
			buildActionMask = 2147483647;
			files = (
			);
			runOnlyForDeploymentPostprocessing = 0;
		};
/* End PBXResourcesBuildPhase section */

/* Begin PBXSourcesBuildPhase section */
		526360912901053C00AC0B6E /* Sources */ = {
			isa = PBXSourcesBuildPhase;
			buildActionMask = 2147483647;
			files = (
				526360CE2901093D00AC0B6E /* SeeAllView.swift in Sources */,
				526360B82901053C00AC0B6E /* ContentView.swift in Sources */,
				526360CB2901059500AC0B6E /* PropertyListView.swift in Sources */,
				526360B62901053C00AC0B6E /* PListTask_1AApp.swift in Sources */,
			);
			runOnlyForDeploymentPostprocessing = 0;
		};
		526360972901053C00AC0B6E /* Sources */ = {
			isa = PBXSourcesBuildPhase;
			buildActionMask = 2147483647;
			files = (
				526360CF2901093D00AC0B6E /* SeeAllView.swift in Sources */,
				526360B92901053C00AC0B6E /* ContentView.swift in Sources */,
				526360CC2901059500AC0B6E /* PropertyListView.swift in Sources */,
				526360B72901053C00AC0B6E /* PListTask_1AApp.swift in Sources */,
			);
			runOnlyForDeploymentPostprocessing = 0;
		};
		5263609E2901053C00AC0B6E /* Sources */ = {
			isa = PBXSourcesBuildPhase;
			buildActionMask = 2147483647;
			files = (
				526360A92901053C00AC0B6E /* Tests_iOSLaunchTests.swift in Sources */,
				526360A72901053C00AC0B6E /* Tests_iOS.swift in Sources */,
			);
			runOnlyForDeploymentPostprocessing = 0;
		};
		526360AA2901053C00AC0B6E /* Sources */ = {
			isa = PBXSourcesBuildPhase;
			buildActionMask = 2147483647;
			files = (
				526360B52901053C00AC0B6E /* Tests_macOSLaunchTests.swift in Sources */,
				526360B32901053C00AC0B6E /* Tests_macOS.swift in Sources */,
			);
			runOnlyForDeploymentPostprocessing = 0;
		};
/* End PBXSourcesBuildPhase section */

/* Begin PBXTargetDependency section */
		526360A42901053C00AC0B6E /* PBXTargetDependency */ = {
			isa = PBXTargetDependency;
			target = 526360942901053C00AC0B6E /* PListTask_1A (iOS) */;
			targetProxy = 526360A32901053C00AC0B6E /* PBXContainerItemProxy */;
		};
		526360B02901053C00AC0B6E /* PBXTargetDependency */ = {
			isa = PBXTargetDependency;
			target = 5263609A2901053C00AC0B6E /* PListTask_1A (macOS) */;
			targetProxy = 526360AF2901053C00AC0B6E /* PBXContainerItemProxy */;
		};
/* End PBXTargetDependency section */

/* Begin XCBuildConfiguration section */
		526360BC2901053C00AC0B6E /* Debug */ = {
			isa = XCBuildConfiguration;
			buildSettings = {
				ALWAYS_SEARCH_USER_PATHS = NO;
				CLANG_ANALYZER_NONNULL = YES;
				CLANG_ANALYZER_NUMBER_OBJECT_CONVERSION = YES_AGGRESSIVE;
				CLANG_CXX_LANGUAGE_STANDARD = "gnu++17";
				CLANG_ENABLE_MODULES = YES;
				CLANG_ENABLE_OBJC_ARC = YES;
				CLANG_ENABLE_OBJC_WEAK = YES;
				CLANG_WARN_BLOCK_CAPTURE_AUTORELEASING = YES;
				CLANG_WARN_BOOL_CONVERSION = YES;
				CLANG_WARN_COMMA = YES;
				CLANG_WARN_CONSTANT_CONVERSION = YES;
				CLANG_WARN_DEPRECATED_OBJC_IMPLEMENTATIONS = YES;
				CLANG_WARN_DIRECT_OBJC_ISA_USAGE = YES_ERROR;
				CLANG_WARN_DOCUMENTATION_COMMENTS = YES;
				CLANG_WARN_EMPTY_BODY = YES;
				CLANG_WARN_ENUM_CONVERSION = YES;
				CLANG_WARN_INFINITE_RECURSION = YES;
				CLANG_WARN_INT_CONVERSION = YES;
				CLANG_WARN_NON_LITERAL_NULL_CONVERSION = YES;
				CLANG_WARN_OBJC_IMPLICIT_RETAIN_SELF = YES;
				CLANG_WARN_OBJC_LITERAL_CONVERSION = YES;
				CLANG_WARN_OBJC_ROOT_CLASS = YES_ERROR;
				CLANG_WARN_QUOTED_INCLUDE_IN_FRAMEWORK_HEADER = YES;
				CLANG_WARN_RANGE_LOOP_ANALYSIS = YES;
				CLANG_WARN_STRICT_PROTOTYPES = YES;
				CLANG_WARN_SUSPICIOUS_MOVE = YES;
				CLANG_WARN_UNGUARDED_AVAILABILITY = YES_AGGRESSIVE;
				CLANG_WARN_UNREACHABLE_CODE = YES;
				CLANG_WARN__DUPLICATE_METHOD_MATCH = YES;
				COPY_PHASE_STRIP = NO;
				DEBUG_INFORMATION_FORMAT = dwarf;
				ENABLE_STRICT_OBJC_MSGSEND = YES;
				ENABLE_TESTABILITY = YES;
				GCC_C_LANGUAGE_STANDARD = gnu11;
				GCC_DYNAMIC_NO_PIC = NO;
				GCC_NO_COMMON_BLOCKS = YES;
				GCC_OPTIMIZATION_LEVEL = 0;
				GCC_PREPROCESSOR_DEFINITIONS = (
					"DEBUG=1",
					"$(inherited)",
				);
				GCC_WARN_64_TO_32_BIT_CONVERSION = YES;
				GCC_WARN_ABOUT_RETURN_TYPE = YES_ERROR;
				GCC_WARN_UNDECLARED_SELECTOR = YES;
				GCC_WARN_UNINITIALIZED_AUTOS = YES_AGGRESSIVE;
				GCC_WARN_UNUSED_FUNCTION = YES;
				GCC_WARN_UNUSED_VARIABLE = YES;
				MTL_ENABLE_DEBUG_INFO = INCLUDE_SOURCE;
				MTL_FAST_MATH = YES;
				ONLY_ACTIVE_ARCH = YES;
				SWIFT_ACTIVE_COMPILATION_CONDITIONS = DEBUG;
				SWIFT_OPTIMIZATION_LEVEL = "-Onone";
			};
			name = Debug;
		};
		526360BD2901053C00AC0B6E /* Release */ = {
			isa = XCBuildConfiguration;
			buildSettings = {
				ALWAYS_SEARCH_USER_PATHS = NO;
				CLANG_ANALYZER_NONNULL = YES;
				CLANG_ANALYZER_NUMBER_OBJECT_CONVERSION = YES_AGGRESSIVE;
				CLANG_CXX_LANGUAGE_STANDARD = "gnu++17";
				CLANG_ENABLE_MODULES = YES;
				CLANG_ENABLE_OBJC_ARC = YES;
				CLANG_ENABLE_OBJC_WEAK = YES;
				CLANG_WARN_BLOCK_CAPTURE_AUTORELEASING = YES;
				CLANG_WARN_BOOL_CONVERSION = YES;
				CLANG_WARN_COMMA = YES;
				CLANG_WARN_CONSTANT_CONVERSION = YES;
				CLANG_WARN_DEPRECATED_OBJC_IMPLEMENTATIONS = YES;
				CLANG_WARN_DIRECT_OBJC_ISA_USAGE = YES_ERROR;
				CLANG_WARN_DOCUMENTATION_COMMENTS = YES;
				CLANG_WARN_EMPTY_BODY = YES;
				CLANG_WARN_ENUM_CONVERSION = YES;
				CLANG_WARN_INFINITE_RECURSION = YES;
				CLANG_WARN_INT_CONVERSION = YES;
				CLANG_WARN_NON_LITERAL_NULL_CONVERSION = YES;
				CLANG_WARN_OBJC_IMPLICIT_RETAIN_SELF = YES;
				CLANG_WARN_OBJC_LITERAL_CONVERSION = YES;
				CLANG_WARN_OBJC_ROOT_CLASS = YES_ERROR;
				CLANG_WARN_QUOTED_INCLUDE_IN_FRAMEWORK_HEADER = YES;
				CLANG_WARN_RANGE_LOOP_ANALYSIS = YES;
				CLANG_WARN_STRICT_PROTOTYPES = YES;
				CLANG_WARN_SUSPICIOUS_MOVE = YES;
				CLANG_WARN_UNGUARDED_AVAILABILITY = YES_AGGRESSIVE;
				CLANG_WARN_UNREACHABLE_CODE = YES;
				CLANG_WARN__DUPLICATE_METHOD_MATCH = YES;
				COPY_PHASE_STRIP = NO;
				DEBUG_INFORMATION_FORMAT = "dwarf-with-dsym";
				ENABLE_NS_ASSERTIONS = NO;
				ENABLE_STRICT_OBJC_MSGSEND = YES;
				GCC_C_LANGUAGE_STANDARD = gnu11;
				GCC_NO_COMMON_BLOCKS = YES;
				GCC_WARN_64_TO_32_BIT_CONVERSION = YES;
				GCC_WARN_ABOUT_RETURN_TYPE = YES_ERROR;
				GCC_WARN_UNDECLARED_SELECTOR = YES;
				GCC_WARN_UNINITIALIZED_AUTOS = YES_AGGRESSIVE;
				GCC_WARN_UNUSED_FUNCTION = YES;
				GCC_WARN_UNUSED_VARIABLE = YES;
				MTL_ENABLE_DEBUG_INFO = NO;
				MTL_FAST_MATH = YES;
				SWIFT_COMPILATION_MODE = wholemodule;
				SWIFT_OPTIMIZATION_LEVEL = "-O";
			};
			name = Release;
		};
		526360BF2901053C00AC0B6E /* Debug */ = {
			isa = XCBuildConfiguration;
			buildSettings = {
				ASSETCATALOG_COMPILER_APPICON_NAME = AppIcon;
				ASSETCATALOG_COMPILER_GLOBAL_ACCENT_COLOR_NAME = AccentColor;
				CODE_SIGN_STYLE = Automatic;
				CURRENT_PROJECT_VERSION = 1;
				DEVELOPMENT_TEAM = 38BKAW23ZM;
				ENABLE_PREVIEWS = YES;
				GENERATE_INFOPLIST_FILE = YES;
				INFOPLIST_KEY_UIApplicationSceneManifest_Generation = YES;
				INFOPLIST_KEY_UIApplicationSupportsIndirectInputEvents = YES;
				INFOPLIST_KEY_UILaunchScreen_Generation = YES;
				INFOPLIST_KEY_UISupportedInterfaceOrientations_iPad = "UIInterfaceOrientationPortrait UIInterfaceOrientationPortraitUpsideDown UIInterfaceOrientationLandscapeLeft UIInterfaceOrientationLandscapeRight";
				INFOPLIST_KEY_UISupportedInterfaceOrientations_iPhone = "UIInterfaceOrientationPortrait UIInterfaceOrientationLandscapeLeft UIInterfaceOrientationLandscapeRight";
				IPHONEOS_DEPLOYMENT_TARGET = 15.5;
				LD_RUNPATH_SEARCH_PATHS = (
					"$(inherited)",
					"@executable_path/Frameworks",
				);
				MARKETING_VERSION = 1.0;
				PRODUCT_BUNDLE_IDENTIFIER = "com.skyraan.PListTask-1A";
				PRODUCT_NAME = PListTask_1A;
				SDKROOT = iphoneos;
				SWIFT_EMIT_LOC_STRINGS = YES;
				SWIFT_VERSION = 5.0;
				TARGETED_DEVICE_FAMILY = "1,2";
			};
			name = Debug;
		};
		526360C02901053C00AC0B6E /* Release */ = {
			isa = XCBuildConfiguration;
			buildSettings = {
				ASSETCATALOG_COMPILER_APPICON_NAME = AppIcon;
				ASSETCATALOG_COMPILER_GLOBAL_ACCENT_COLOR_NAME = AccentColor;
				CODE_SIGN_STYLE = Automatic;
				CURRENT_PROJECT_VERSION = 1;
				DEVELOPMENT_TEAM = 38BKAW23ZM;
				ENABLE_PREVIEWS = YES;
				GENERATE_INFOPLIST_FILE = YES;
				INFOPLIST_KEY_UIApplicationSceneManifest_Generation = YES;
				INFOPLIST_KEY_UIApplicationSupportsIndirectInputEvents = YES;
				INFOPLIST_KEY_UILaunchScreen_Generation = YES;
				INFOPLIST_KEY_UISupportedInterfaceOrientations_iPad = "UIInterfaceOrientationPortrait UIInterfaceOrientationPortraitUpsideDown UIInterfaceOrientationLandscapeLeft UIInterfaceOrientationLandscapeRight";
				INFOPLIST_KEY_UISupportedInterfaceOrientations_iPhone = "UIInterfaceOrientationPortrait UIInterfaceOrientationLandscapeLeft UIInterfaceOrientationLandscapeRight";
				IPHONEOS_DEPLOYMENT_TARGET = 15.5;
				LD_RUNPATH_SEARCH_PATHS = (
					"$(inherited)",
					"@executable_path/Frameworks",
				);
				MARKETING_VERSION = 1.0;
				PRODUCT_BUNDLE_IDENTIFIER = "com.skyraan.PListTask-1A";
				PRODUCT_NAME = PListTask_1A;
				SDKROOT = iphoneos;
				SWIFT_EMIT_LOC_STRINGS = YES;
				SWIFT_VERSION = 5.0;
				TARGETED_DEVICE_FAMILY = "1,2";
				VALIDATE_PRODUCT = YES;
			};
			name = Release;
		};
		526360C22901053C00AC0B6E /* Debug */ = {
			isa = XCBuildConfiguration;
			buildSettings = {
				ASSETCATALOG_COMPILER_APPICON_NAME = AppIcon;
				ASSETCATALOG_COMPILER_GLOBAL_ACCENT_COLOR_NAME = AccentColor;
				CODE_SIGN_ENTITLEMENTS = macOS/macOS.entitlements;
				CODE_SIGN_STYLE = Automatic;
				COMBINE_HIDPI_IMAGES = YES;
				CURRENT_PROJECT_VERSION = 1;
				DEVELOPMENT_TEAM = 38BKAW23ZM;
				ENABLE_HARDENED_RUNTIME = YES;
				ENABLE_PREVIEWS = YES;
				GENERATE_INFOPLIST_FILE = YES;
				INFOPLIST_KEY_NSHumanReadableCopyright = "";
				LD_RUNPATH_SEARCH_PATHS = (
					"$(inherited)",
					"@executable_path/../Frameworks",
				);
				MACOSX_DEPLOYMENT_TARGET = 12.3;
				MARKETING_VERSION = 1.0;
				PRODUCT_BUNDLE_IDENTIFIER = "com.skyraan.PListTask-1A";
				PRODUCT_NAME = PListTask_1A;
				SDKROOT = macosx;
				SWIFT_EMIT_LOC_STRINGS = YES;
				SWIFT_VERSION = 5.0;
			};
			name = Debug;
		};
		526360C32901053C00AC0B6E /* Release */ = {
			isa = XCBuildConfiguration;
			buildSettings = {
				ASSETCATALOG_COMPILER_APPICON_NAME = AppIcon;
				ASSETCATALOG_COMPILER_GLOBAL_ACCENT_COLOR_NAME = AccentColor;
				CODE_SIGN_ENTITLEMENTS = macOS/macOS.entitlements;
				CODE_SIGN_STYLE = Automatic;
				COMBINE_HIDPI_IMAGES = YES;
				CURRENT_PROJECT_VERSION = 1;
				DEVELOPMENT_TEAM = 38BKAW23ZM;
				ENABLE_HARDENED_RUNTIME = YES;
				ENABLE_PREVIEWS = YES;
				GENERATE_INFOPLIST_FILE = YES;
				INFOPLIST_KEY_NSHumanReadableCopyright = "";
				LD_RUNPATH_SEARCH_PATHS = (
					"$(inherited)",
					"@executable_path/../Frameworks",
				);
				MACOSX_DEPLOYMENT_TARGET = 12.3;
				MARKETING_VERSION = 1.0;
				PRODUCT_BUNDLE_IDENTIFIER = "com.skyraan.PListTask-1A";
				PRODUCT_NAME = PListTask_1A;
				SDKROOT = macosx;
				SWIFT_EMIT_LOC_STRINGS = YES;
				SWIFT_VERSION = 5.0;
			};
			name = Release;
		};
		526360C52901053C00AC0B6E /* Debug */ = {
			isa = XCBuildConfiguration;
			buildSettings = {
				ALWAYS_EMBED_SWIFT_STANDARD_LIBRARIES = YES;
				CODE_SIGN_STYLE = Automatic;
				CURRENT_PROJECT_VERSION = 1;
				DEVELOPMENT_TEAM = 38BKAW23ZM;
				GENERATE_INFOPLIST_FILE = YES;
				IPHONEOS_DEPLOYMENT_TARGET = 15.5;
				MARKETING_VERSION = 1.0;
				PRODUCT_BUNDLE_IDENTIFIER = "com.skyraan.Tests-iOS";
				PRODUCT_NAME = "$(TARGET_NAME)";
				SDKROOT = iphoneos;
				SWIFT_EMIT_LOC_STRINGS = NO;
				SWIFT_VERSION = 5.0;
				TARGETED_DEVICE_FAMILY = "1,2";
				TEST_TARGET_NAME = "PListTask_1A (iOS)";
			};
			name = Debug;
		};
		526360C62901053C00AC0B6E /* Release */ = {
			isa = XCBuildConfiguration;
			buildSettings = {
				ALWAYS_EMBED_SWIFT_STANDARD_LIBRARIES = YES;
				CODE_SIGN_STYLE = Automatic;
				CURRENT_PROJECT_VERSION = 1;
				DEVELOPMENT_TEAM = 38BKAW23ZM;
				GENERATE_INFOPLIST_FILE = YES;
				IPHONEOS_DEPLOYMENT_TARGET = 15.5;
				MARKETING_VERSION = 1.0;
				PRODUCT_BUNDLE_IDENTIFIER = "com.skyraan.Tests-iOS";
				PRODUCT_NAME = "$(TARGET_NAME)";
				SDKROOT = iphoneos;
				SWIFT_EMIT_LOC_STRINGS = NO;
				SWIFT_VERSION = 5.0;
				TARGETED_DEVICE_FAMILY = "1,2";
				TEST_TARGET_NAME = "PListTask_1A (iOS)";
				VALIDATE_PRODUCT = YES;
			};
			name = Release;
		};
		526360C82901053C00AC0B6E /* Debug */ = {
			isa = XCBuildConfiguration;
			buildSettings = {
				ALWAYS_EMBED_SWIFT_STANDARD_LIBRARIES = YES;
				CODE_SIGN_STYLE = Automatic;
				CURRENT_PROJECT_VERSION = 1;
				DEVELOPMENT_TEAM = 38BKAW23ZM;
				GENERATE_INFOPLIST_FILE = YES;
				MACOSX_DEPLOYMENT_TARGET = 12.3;
				MARKETING_VERSION = 1.0;
				PRODUCT_BUNDLE_IDENTIFIER = "com.skyraan.Tests-macOS";
				PRODUCT_NAME = "$(TARGET_NAME)";
				SDKROOT = macosx;
				SWIFT_EMIT_LOC_STRINGS = NO;
				SWIFT_VERSION = 5.0;
				TEST_TARGET_NAME = "PListTask_1A (macOS)";
			};
			name = Debug;
		};
		526360C92901053C00AC0B6E /* Release */ = {
			isa = XCBuildConfiguration;
			buildSettings = {
				ALWAYS_EMBED_SWIFT_STANDARD_LIBRARIES = YES;
				CODE_SIGN_STYLE = Automatic;
				CURRENT_PROJECT_VERSION = 1;
				DEVELOPMENT_TEAM = 38BKAW23ZM;
				GENERATE_INFOPLIST_FILE = YES;
				MACOSX_DEPLOYMENT_TARGET = 12.3;
				MARKETING_VERSION = 1.0;
				PRODUCT_BUNDLE_IDENTIFIER = "com.skyraan.Tests-macOS";
				PRODUCT_NAME = "$(TARGET_NAME)";
				SDKROOT = macosx;
				SWIFT_EMIT_LOC_STRINGS = NO;
				SWIFT_VERSION = 5.0;
				TEST_TARGET_NAME = "PListTask_1A (macOS)";
			};
			name = Release;
		};
/* End XCBuildConfiguration section */

/* Begin XCConfigurationList section */
		5263608C2901053C00AC0B6E /* Build configuration list for PBXProject "PListTask_1A" */ = {
			isa = XCConfigurationList;
			buildConfigurations = (
				526360BC2901053C00AC0B6E /* Debug */,
				526360BD2901053C00AC0B6E /* Release */,
			);
			defaultConfigurationIsVisible = 0;
			defaultConfigurationName = Release;
		};
		526360BE2901053C00AC0B6E /* Build configuration list for PBXNativeTarget "PListTask_1A (iOS)" */ = {
			isa = XCConfigurationList;
			buildConfigurations = (
				526360BF2901053C00AC0B6E /* Debug */,
				526360C02901053C00AC0B6E /* Release */,
			);
			defaultConfigurationIsVisible = 0;
			defaultConfigurationName = Release;
		};
		526360C12901053C00AC0B6E /* Build configuration list for PBXNativeTarget "PListTask_1A (macOS)" */ = {
			isa = XCConfigurationList;
			buildConfigurations = (
				526360C22901053C00AC0B6E /* Debug */,
				526360C32901053C00AC0B6E /* Release */,
			);
			defaultConfigurationIsVisible = 0;
			defaultConfigurationName = Release;
		};
		526360C42901053C00AC0B6E /* Build configuration list for PBXNativeTarget "Tests iOS" */ = {
			isa = XCConfigurationList;
			buildConfigurations = (
				526360C52901053C00AC0B6E /* Debug */,
				526360C62901053C00AC0B6E /* Release */,
			);
			defaultConfigurationIsVisible = 0;
			defaultConfigurationName = Release;
		};
		526360C72901053C00AC0B6E /* Build configuration list for PBXNativeTarget "Tests macOS" */ = {
			isa = XCConfigurationList;
			buildConfigurations = (
				526360C82901053C00AC0B6E /* Debug */,
				526360C92901053C00AC0B6E /* Release */,
			);
			defaultConfigurationIsVisible = 0;
			defaultConfigurationName = Release;
		};
/* End XCConfigurationList section */
	};
	rootObject = 526360892901053C00AC0B6E /* Project object */;
}
